<Solution>
  <Folder Name="/src/">
    <Project Path="src/Hotshot.App/Hotshot.App.csproj" />
    <Project Path="src/Hotshot.Capture/Hotshot.Capture.csproj" />
    <Project Path="src/Hotshot.Core/Hotshot.Core.csproj" />
    <Project Path="src/Hotshot.Editor/Hotshot.Editor.csproj" />
    <Project Path="src/Hotshot.Gif/Hotshot.Gif.csproj" />
    <Project Path="src/Hotshot.Recording/Hotshot.Recording.csproj" />
  </Folder>
  <Folder Name="/tests/">
    <Project Path="tests/Hotshot.Core.Tests/Hotshot.Core.Tests.csproj" />
    <Project Path="tests/Hotshot.Editor.Tests/Hotshot.Editor.Tests.csproj" />
    <Project Path="tests/Hotshot.Gif.Tests/Hotshot.Gif.Tests.csproj" />
    <Project Path="tests/Hotshot.Recording.Harness/Hotshot.Recording.Harness.csproj" />
  </Folder>
</Solution>
